// !$*UTF8*$!
{
	archiveVersion = 1;
	classes = {
	};
	objectVersion = 60;
	objects = {

/* Begin PBXBuildFile section */
		30A381D62FFC468600F171B4 /* AnimatedButton.swift in Sources */ = {isa = PBXBuildFile; fileRef = 30A381842FFC468600F171B4 /* AnimatedButton.swift */; };
		30A381D72FFC468600F171B4 /* BadgeView.swift in Sources */ = {isa = PBXBuildFile; fileRef = 30A381852FFC468600F171B4 /* BadgeView.swift */; };
		30A381D82FFC468600F171B4 /* BoundedFillImage.swift in Sources */ = {isa = PBXBuildFile; fileRef = 30A381862FFC468600F171B4 /* BoundedFillImage.swift */; };
		30A381D92FFC468600F171B4 /* ElementOrbView.swift in Sources */ = {isa = PBXBuildFile; fileRef = 30A381872FFC468600F171B4 /* ElementOrbView.swift */; };
		30A381DA2FFC468600F171B4 /* EmptyStateView.swift in Sources */ = {isa = PBXBuildFile; fileRef = 30A381882FFC468600F171B4 /* EmptyStateView.swift */; };
		30A381DB2FFC468600F171B4 /* FilterChipView.swift in Sources */ = {isa = PBXBuildFile; fileRef = 30A381892FFC468600F171B4 /* FilterChipView.swift */; };
		30A381DC2FFC468600F171B4 /* GlassCard.swift in Sources */ = {isa = PBXBuildFile; fileRef = 30A3818A2FFC468600F171B4 /* GlassCard.swift */; };
		30A381DD2FFC468600F171B4 /* GlowEffect.swift in Sources */ = {isa = PBXBuildFile; fileRef = 30A3818B2FFC468600F171B4 /* GlowEffect.swift */; };
		30A381DE2FFC468600F171B4 /* GradientBackground.swift in Sources */ = {isa = PBXBuildFile; fileRef = 30A3818C2FFC468600F171B4 /* GradientBackground.swift */; };
		30A381DF2FFC468600F171B4 /* MenuTileView.swift in Sources */ = {isa = PBXBuildFile; fileRef = 30A3818D2FFC468600F171B4 /* MenuTileView.swift */; };
		30A381E02FFC468600F171B4 /* ProgressRingView.swift in Sources */ = {isa = PBXBuildFile; fileRef = 30A3818E2FFC468600F171B4 /* ProgressRingView.swift */; };
		30A381E12FFC468600F171B4 /* RecentExperimentRow.swift in Sources */ = {isa = PBXBuildFile; fileRef = 30A3818F2FFC468600F171B4 /* RecentExperimentRow.swift */; };
		30A381E22FFC468600F171B4 /* ScreenScrollContainer.swift in Sources */ = {isa = PBXBuildFile; fileRef = 30A381902FFC468600F171B4 /* ScreenScrollContainer.swift */; };
		30A381E32FFC468600F171B4 /* SearchBarView.swift in Sources */ = {isa = PBXBuildFile; fileRef = 30A381912FFC468600F171B4 /* SearchBarView.swift */; };
		30A381E42FFC468600F171B4 /* SectionHeaderView.swift in Sources */ = {isa = PBXBuildFile; fileRef = 30A381922FFC468600F171B4 /* SectionHeaderView.swift */; };
		30A381E52FFC468600F171B4 /* StatTileView.swift in Sources */ = {isa = PBXBuildFile; fileRef = 30A381932FFC468600F171B4 /* StatTileView.swift */; };
		30A381E62FFC468600F171B4 /* Color+Hex.swift in Sources */ = {isa = PBXBuildFile; fileRef = 30A381952FFC468600F171B4 /* Color+Hex.swift */; };
		30A381E72FFC468600F171B4 /* AppLinks.swift in Sources */ = {isa = PBXBuildFile; fileRef = 30A381972FFC468600F171B4 /* AppLinks.swift */; };
		30A381E82FFC468600F171B4 /* AppCoordinator.swift in Sources */ = {isa = PBXBuildFile; fileRef = 30A3819A2FFC468600F171B4 /* AppCoordinator.swift */; };
		30A381E92FFC468600F171B4 /* Element.swift in Sources */ = {isa = PBXBuildFile; fileRef = 30A3819C2FFC468600F171B4 /* Element.swift */; };
		30A381EA2FFC468600F171B4 /* Experiment.swift in Sources */ = {isa = PBXBuildFile; fileRef = 30A3819D2FFC468600F171B4 /* Experiment.swift */; };
		30A381EB2FFC468600F171B4 /* Inventory.swift in Sources */ = {isa = PBXBuildFile; fileRef = 30A3819E2FFC468600F171B4 /* Inventory.swift */; };
		30A381EC2FFC468600F171B4 /* OnboardingPage.swift in Sources */ = {isa = PBXBuildFile; fileRef = 30A3819F2FFC468600F171B4 /* OnboardingPage.swift */; };
		30A381ED2FFC468600F171B4 /* Reaction.swift in Sources */ = {isa = PBXBuildFile; fileRef = 30A381A02FFC468600F171B4 /* Reaction.swift */; };
		30A381EE2FFC468600F171B4 /* ElementService.swift in Sources */ = {isa = PBXBuildFile; fileRef = 30A381A22FFC468600F171B4 /* ElementService.swift */; };
		30A381EF2FFC468600F171B4 /* OnboardingService.swift in Sources */ = {isa = PBXBuildFile; fileRef = 30A381A32FFC468600F171B4 /* OnboardingService.swift */; };
		30A381F02FFC468600F171B4 /* ReactionEngine.swift in Sources */ = {isa = PBXBuildFile; fileRef = 30A381A42FFC468600F171B4 /* ReactionEngine.swift */; };
		30A381F12FFC468600F171B4 /* StorageService.swift in Sources */ = {isa = PBXBuildFile; fileRef = 30A381A52FFC468600F171B4 /* StorageService.swift */; };
		30A381F22FFC468600F171B4 /* ElementFormViewModel.swift in Sources */ = {isa = PBXBuildFile; fileRef = 30A381A72FFC468600F171B4 /* ElementFormViewModel.swift */; };
		30A381F32FFC468600F171B4 /* ElementListViewModel.swift in Sources */ = {isa = PBXBuildFile; fileRef = 30A381A82FFC468600F171B4 /* ElementListViewModel.swift */; };
		30A381F42FFC468600F171B4 /* HomeViewModel.swift in Sources */ = {isa = PBXBuildFile; fileRef = 30A381A92FFC468600F171B4 /* HomeViewModel.swift */; };
		30A381F52FFC468600F171B4 /* LabViewModel.swift in Sources */ = {isa = PBXBuildFile; fileRef = 30A381AA2FFC468600F171B4 /* LabViewModel.swift */; };
		30A381F62FFC468600F171B4 /* OnboardingViewModel.swift in Sources */ = {isa = PBXBuildFile; fileRef = 30A381AB2FFC468600F171B4 /* OnboardingViewModel.swift */; };
		30A381F72FFC468600F171B4 /* ReactionBookViewModel.swift in Sources */ = {isa = PBXBuildFile; fileRef = 30A381AC2FFC468600F171B4 /* ReactionBookViewModel.swift */; };
		30A381F82FFC468600F171B4 /* SettingsViewModel.swift in Sources */ = {isa = PBXBuildFile; fileRef = 30A381AD2FFC468600F171B4 /* SettingsViewModel.swift */; };
		30A381F92FFC468600F171B4 /* StatisticsViewModel.swift in Sources */ = {isa = PBXBuildFile; fileRef = 30A381AE2FFC468600F171B4 /* StatisticsViewModel.swift */; };
		30A381FA2FFC468600F171B4 /* ElementFormView.swift in Sources */ = {isa = PBXBuildFile; fileRef = 30A381B02FFC468600F171B4 /* ElementFormView.swift */; };
		30A381FB2FFC468600F171B4 /* ElementCardView.swift in Sources */ = {isa = PBXBuildFile; fileRef = 30A381B22FFC468600F171B4 /* ElementCardView.swift */; };
		30A381FC2FFC468600F171B4 /* ElementDetailSheet.swift in Sources */ = {isa = PBXBuildFile; fileRef = 30A381B32FFC468600F171B4 /* ElementDetailSheet.swift */; };
		30A381FD2FFC468600F171B4 /* ElementListView.swift in Sources */ = {isa = PBXBuildFile; fileRef = 30A381B42FFC468600F171B4 /* ElementListView.swift */; };
		30A381FE2FFC468600F171B4 /* HomeWidgets.swift in Sources */ = {isa = PBXBuildFile; fileRef = 30A381B62FFC468600F171B4 /* HomeWidgets.swift */; };
		30A381FF2FFC468600F171B4 /* HomeView.swift in Sources */ = {isa = PBXBuildFile; fileRef = 30A381B82FFC468600F171B4 /* HomeView.swift */; };
		30A382002FFC468600F171B4 /* ElementSlotView.swift in Sources */ = {isa = PBXBuildFile; fileRef = 30A381BA2FFC468600F171B4 /* ElementSlotView.swift */; };
		30A382012FFC468600F171B4 /* LabElementCell.swift in Sources */ = {isa = PBXBuildFile; fileRef = 30A381BB2FFC468600F171B4 /* LabElementCell.swift */; };
		30A382022FFC468600F171B4 /* LabView.swift in Sources */ = {isa = PBXBuildFile; fileRef = 30A381BC2FFC468600F171B4 /* LabView.swift */; };
		30A382032FFC468600F171B4 /* ReactionAnimationView.swift in Sources */ = {isa = PBXBuildFile; fileRef = 30A381BD2FFC468600F171B4 /* ReactionAnimationView.swift */; };
		30A382042FFC468600F171B4 /* OnboardingPageView.swift in Sources */ = {isa = PBXBuildFile; fileRef = 30A381BF2FFC468600F171B4 /* OnboardingPageView.swift */; };
		30A382052FFC468600F171B4 /* OnboardingView.swift in Sources */ = {isa = PBXBuildFile; fileRef = 30A381C02FFC468600F171B4 /* OnboardingView.swift */; };
		30A382062FFC468600F171B4 /* ReactionBookView.swift in Sources */ = {isa = PBXBuildFile; fileRef = 30A381C22FFC468600F171B4 /* ReactionBookView.swift */; };
		30A382072FFC468600F171B4 /* ReactionCardView.swift in Sources */ = {isa = PBXBuildFile; fileRef = 30A381C32FFC468600F171B4 /* ReactionCardView.swift */; };
		30A382082FFC468600F171B4 /* SettingRowView.swift in Sources */ = {isa = PBXBuildFile; fileRef = 30A381C52FFC468600F171B4 /* SettingRowView.swift */; };
		30A382092FFC468600F171B4 /* SettingsView.swift in Sources */ = {isa = PBXBuildFile; fileRef = 30A381C62FFC468600F171B4 /* SettingsView.swift */; };
		30A3820A2FFC468600F171B4 /* StatisticsView.swift in Sources */ = {isa = PBXBuildFile; fileRef = 30A381C82FFC468600F171B4 /* StatisticsView.swift */; };
		30A3820B2FFC468600F171B4 /* AppDelegate.swift in Sources */ = {isa = PBXBuildFile; fileRef = 30A381CB2FFC468600F171B4 /* AppDelegate.swift */; };
		30A3820C2FFC468600F171B4 /* ContentView.swift in Sources */ = {isa = PBXBuildFile; fileRef = 30A381CD2FFC468600F171B4 /* ContentView.swift */; };
		30A3820D2FFC468600F171B4 /* SceneDelegate.swift in Sources */ = {isa = PBXBuildFile; fileRef = 30A381D32FFC468600F171B4 /* SceneDelegate.swift */; };
		30A3820E2FFC468600F171B4 /* ViewController.swift in Sources */ = {isa = PBXBuildFile; fileRef = 30A381D42FFC468600F171B4 /* ViewController.swift */; };
		30A3820F2FFC468600F171B4 /* Assets.xcassets in Resources */ = {isa = PBXBuildFile; fileRef = 30A381CC2FFC468600F171B4 /* Assets.xcassets */; };
		30A382112FFC468600F171B4 /* LaunchScreen.storyboard in Resources */ = {isa = PBXBuildFile; fileRef = 30A381D02FFC468600F171B4 /* LaunchScreen.storyboard */; };
		30A382122FFC468600F171B4 /* Main.storyboard in Resources */ = {isa = PBXBuildFile; fileRef = 30A381D22FFC468600F171B4 /* Main.storyboard */; };
/* End PBXBuildFile section */

/* Begin PBXFileReference section */
		30A381842FFC468600F171B4 /* AnimatedButton.swift */ = {isa = PBXFileReference; lastKnownFileType = sourcecode.swift; path = AnimatedButton.swift; sourceTree = "<group>"; };
		30A381852FFC468600F171B4 /* BadgeView.swift */ = {isa = PBXFileReference; lastKnownFileType = sourcecode.swift; path = BadgeView.swift; sourceTree = "<group>"; };
		30A381862FFC468600F171B4 /* BoundedFillImage.swift */ = {isa = PBXFileReference; lastKnownFileType = sourcecode.swift; path = BoundedFillImage.swift; sourceTree = "<group>"; };
		30A381872FFC468600F171B4 /* ElementOrbView.swift */ = {isa = PBXFileReference; lastKnownFileType = sourcecode.swift; path = ElementOrbView.swift; sourceTree = "<group>"; };
		30A381882FFC468600F171B4 /* EmptyStateView.swift */ = {isa = PBXFileReference; lastKnownFileType = sourcecode.swift; path = EmptyStateView.swift; sourceTree = "<group>"; };
		30A381892FFC468600F171B4 /* FilterChipView.swift */ = {isa = PBXFileReference; lastKnownFileType = sourcecode.swift; path = FilterChipView.swift; sourceTree = "<group>"; };
		30A3818A2FFC468600F171B4 /* GlassCard.swift */ = {isa = PBXFileReference; lastKnownFileType = sourcecode.swift; path = GlassCard.swift; sourceTree = "<group>"; };
		30A3818B2FFC468600F171B4 /* GlowEffect.swift */ = {isa = PBXFileReference; lastKnownFileType = sourcecode.swift; path = GlowEffect.swift; sourceTree = "<group>"; };
		30A3818C2FFC468600F171B4 /* GradientBackground.swift */ = {isa = PBXFileReference; lastKnownFileType = sourcecode.swift; path = GradientBackground.swift; sourceTree = "<group>"; };
		30A3818D2FFC468600F171B4 /* MenuTileView.swift */ = {isa = PBXFileReference; lastKnownFileType = sourcecode.swift; path = MenuTileView.swift; sourceTree = "<group>"; };
		30A3818E2FFC468600F171B4 /* ProgressRingView.swift */ = {isa = PBXFileReference; lastKnownFileType = sourcecode.swift; path = ProgressRingView.swift; sourceTree = "<group>"; };
		30A3818F2FFC468600F171B4 /* RecentExperimentRow.swift */ = {isa = PBXFileReference; lastKnownFileType = sourcecode.swift; path = RecentExperimentRow.swift; sourceTree = "<group>"; };
		30A381902FFC468600F171B4 /* ScreenScrollContainer.swift */ = {isa = PBXFileReference; lastKnownFileType = sourcecode.swift; path = ScreenScrollContainer.swift; sourceTree = "<group>"; };
		30A381912FFC468600F171B4 /* SearchBarView.swift */ = {isa = PBXFileReference; lastKnownFileType = sourcecode.swift; path = SearchBarView.swift; sourceTree = "<group>"; };
		30A381922FFC468600F171B4 /* SectionHeaderView.swift */ = {isa = PBXFileReference; lastKnownFileType = sourcecode.swift; path = SectionHeaderView.swift; sourceTree = "<group>"; };
		30A381932FFC468600F171B4 /* StatTileView.swift */ = {isa = PBXFileReference; lastKnownFileType = sourcecode.swift; path = StatTileView.swift; sourceTree = "<group>"; };
		30A381952FFC468600F171B4 /* Color+Hex.swift */ = {isa = PBXFileReference; lastKnownFileType = sourcecode.swift; path = "Color+Hex.swift"; sourceTree = "<group>"; };
		30A381972FFC468600F171B4 /* AppLinks.swift */ = {isa = PBXFileReference; lastKnownFileType = sourcecode.swift; path = AppLinks.swift; sourceTree = "<group>"; };
		30A3819A2FFC468600F171B4 /* AppCoordinator.swift */ = {isa = PBXFileReference; lastKnownFileType = sourcecode.swift; path = AppCoordinator.swift; sourceTree = "<group>"; };
		30A3819C2FFC468600F171B4 /* Element.swift */ = {isa = PBXFileReference; lastKnownFileType = sourcecode.swift; path = Element.swift; sourceTree = "<group>"; };
		30A3819D2FFC468600F171B4 /* Experiment.swift */ = {isa = PBXFileReference; lastKnownFileType = sourcecode.swift; path = Experiment.swift; sourceTree = "<group>"; };
		30A3819E2FFC468600F171B4 /* Inventory.swift */ = {isa = PBXFileReference; lastKnownFileType = sourcecode.swift; path = Inventory.swift; sourceTree = "<group>"; };
		30A3819F2FFC468600F171B4 /* OnboardingPage.swift */ = {isa = PBXFileReference; lastKnownFileType = sourcecode.swift; path = OnboardingPage.swift; sourceTree = "<group>"; };
		30A381A02FFC468600F171B4 /* Reaction.swift */ = {isa = PBXFileReference; lastKnownFileType = sourcecode.swift; path = Reaction.swift; sourceTree = "<group>"; };
		30A381A22FFC468600F171B4 /* ElementService.swift */ = {isa = PBXFileReference; lastKnownFileType = sourcecode.swift; path = ElementService.swift; sourceTree = "<group>"; };
		30A381A32FFC468600F171B4 /* OnboardingService.swift */ = {isa = PBXFileReference; lastKnownFileType = sourcecode.swift; path = OnboardingService.swift; sourceTree = "<group>"; };
		30A381A42FFC468600F171B4 /* ReactionEngine.swift */ = {isa = PBXFileReference; lastKnownFileType = sourcecode.swift; path = ReactionEngine.swift; sourceTree = "<group>"; };
		30A381A52FFC468600F171B4 /* StorageService.swift */ = {isa = PBXFileReference; lastKnownFileType = sourcecode.swift; path = StorageService.swift; sourceTree = "<group>"; };
		30A381A72FFC468600F171B4 /* ElementFormViewModel.swift */ = {isa = PBXFileReference; lastKnownFileType = sourcecode.swift; path = ElementFormViewModel.swift; sourceTree = "<group>"; };
		30A381A82FFC468600F171B4 /* ElementListViewModel.swift */ = {isa = PBXFileReference; lastKnownFileType = sourcecode.swift; path = ElementListViewModel.swift; sourceTree = "<group>"; };
		30A381A92FFC468600F171B4 /* HomeViewModel.swift */ = {isa = PBXFileReference; lastKnownFileType = sourcecode.swift; path = HomeViewModel.swift; sourceTree = "<group>"; };
		30A381AA2FFC468600F171B4 /* LabViewModel.swift */ = {isa = PBXFileReference; lastKnownFileType = sourcecode.swift; path = LabViewModel.swift; sourceTree = "<group>"; };
		30A381AB2FFC468600F171B4 /* OnboardingViewModel.swift */ = {isa = PBXFileReference; lastKnownFileType = sourcecode.swift; path = OnboardingViewModel.swift; sourceTree = "<group>"; };
		30A381AC2FFC468600F171B4 /* ReactionBookViewModel.swift */ = {isa = PBXFileReference; lastKnownFileType = sourcecode.swift; path = ReactionBookViewModel.swift; sourceTree = "<group>"; };
		30A381AD2FFC468600F171B4 /* SettingsViewModel.swift */ = {isa = PBXFileReference; lastKnownFileType = sourcecode.swift; path = SettingsViewModel.swift; sourceTree = "<group>"; };
		30A381AE2FFC468600F171B4 /* StatisticsViewModel.swift */ = {isa = PBXFileReference; lastKnownFileType = sourcecode.swift; path = StatisticsViewModel.swift; sourceTree = "<group>"; };
		30A381B02FFC468600F171B4 /* ElementFormView.swift */ = {isa = PBXFileReference; lastKnownFileType = sourcecode.swift; path = ElementFormView.swift; sourceTree = "<group>"; };
		30A381B22FFC468600F171B4 /* ElementCardView.swift */ = {isa = PBXFileReference; lastKnownFileType = sourcecode.swift; path = ElementCardView.swift; sourceTree = "<group>"; };
		30A381B32FFC468600F171B4 /* ElementDetailSheet.swift */ = {isa = PBXFileReference; lastKnownFileType = sourcecode.swift; path = ElementDetailSheet.swift; sourceTree = "<group>"; };
		30A381B42FFC468600F171B4 /* ElementListView.swift */ = {isa = PBXFileReference; lastKnownFileType = sourcecode.swift; path = ElementListView.swift; sourceTree = "<group>"; };
		30A381B62FFC468600F171B4 /* HomeWidgets.swift */ = {isa = PBXFileReference; lastKnownFileType = sourcecode.swift; path = HomeWidgets.swift; sourceTree = "<group>"; };
		30A381B82FFC468600F171B4 /* HomeView.swift */ = {isa = PBXFileReference; lastKnownFileType = sourcecode.swift; path = HomeView.swift; sourceTree = "<group>"; };
		30A381BA2FFC468600F171B4 /* ElementSlotView.swift */ = {isa = PBXFileReference; lastKnownFileType = sourcecode.swift; path = ElementSlotView.swift; sourceTree = "<group>"; };
		30A381BB2FFC468600F171B4 /* LabElementCell.swift */ = {isa = PBXFileReference; lastKnownFileType = sourcecode.swift; path = LabElementCell.swift; sourceTree = "<group>"; };
		30A381BC2FFC468600F171B4 /* LabView.swift */ = {isa = PBXFileReference; lastKnownFileType = sourcecode.swift; path = LabView.swift; sourceTree = "<group>"; };
		30A381BD2FFC468600F171B4 /* ReactionAnimationView.swift */ = {isa = PBXFileReference; lastKnownFileType = sourcecode.swift; path = ReactionAnimationView.swift; sourceTree = "<group>"; };
		30A381BF2FFC468600F171B4 /* OnboardingPageView.swift */ = {isa = PBXFileReference; lastKnownFileType = sourcecode.swift; path = OnboardingPageView.swift; sourceTree = "<group>"; };
		30A381C02FFC468600F171B4 /* OnboardingView.swift */ = {isa = PBXFileReference; lastKnownFileType = sourcecode.swift; path = OnboardingView.swift; sourceTree = "<group>"; };
		30A381C22FFC468600F171B4 /* ReactionBookView.swift */ = {isa = PBXFileReference; lastKnownFileType = sourcecode.swift; path = ReactionBookView.swift; sourceTree = "<group>"; };
		30A381C32FFC468600F171B4 /* ReactionCardView.swift */ = {isa = PBXFileReference; lastKnownFileType = sourcecode.swift; path = ReactionCardView.swift; sourceTree = "<group>"; };
		30A381C52FFC468600F171B4 /* SettingRowView.swift */ = {isa = PBXFileReference; lastKnownFileType = sourcecode.swift; path = SettingRowView.swift; sourceTree = "<group>"; };
		30A381C62FFC468600F171B4 /* SettingsView.swift */ = {isa = PBXFileReference; lastKnownFileType = sourcecode.swift; path = SettingsView.swift; sourceTree = "<group>"; };
		30A381C82FFC468600F171B4 /* StatisticsView.swift */ = {isa = PBXFileReference; lastKnownFileType = sourcecode.swift; path = StatisticsView.swift; sourceTree = "<group>"; };
		30A381CB2FFC468600F171B4 /* AppDelegate.swift */ = {isa = PBXFileReference; lastKnownFileType = sourcecode.swift; path = AppDelegate.swift; sourceTree = "<group>"; };
		30A381CC2FFC468600F171B4 /* Assets.xcassets */ = {isa = PBXFileReference; lastKnownFileType = folder.assetcatalog; path = Assets.xcassets; sourceTree = "<group>"; };
		30A381CD2FFC468600F171B4 /* ContentView.swift */ = {isa = PBXFileReference; lastKnownFileType = sourcecode.swift; path = ContentView.swift; sourceTree = "<group>"; };
		30A381CE2FFC468600F171B4 /* Info.plist */ = {isa = PBXFileReference; lastKnownFileType = text.plist.xml; path = Info.plist; sourceTree = "<group>"; };
		30A381CF2FFC468600F171B4 /* Base */ = {isa = PBXFileReference; lastKnownFileType = file.storyboard; name = Base; path = Base.lproj/LaunchScreen.storyboard; sourceTree = "<group>"; };
		30A381D12FFC468600F171B4 /* Base */ = {isa = PBXFileReference; lastKnownFileType = file.storyboard; name = Base; path = Base.lproj/Main.storyboard; sourceTree = "<group>"; };
		30A381D32FFC468600F171B4 /* SceneDelegate.swift */ = {isa = PBXFileReference; lastKnownFileType = sourcecode.swift; path = SceneDelegate.swift; sourceTree = "<group>"; };
		30A381D42FFC468600F171B4 /* ViewController.swift */ = {isa = PBXFileReference; lastKnownFileType = sourcecode.swift; path = ViewController.swift; sourceTree = "<group>"; };
		30C94D892FEE708A007129A4 /* 190ChemLab.app */ = {isa = PBXFileReference; explicitFileType = wrapper.application; includeInIndex = 0; path = 190ChemLab.app; sourceTree = BUILT_PRODUCTS_DIR; };
		5D61F30244AD999841D1E4EC /* Pods_190ChemLab.framework */ = {isa = PBXFileReference; explicitFileType = wrapper.framework; includeInIndex = 0; path = Pods_190ChemLab.framework; sourceTree = BUILT_PRODUCTS_DIR; };
		6C578118C6FD65AD58D4D03F /* Pods-190ChemLab.debug.xcconfig */ = {isa = PBXFileReference; includeInIndex = 1; lastKnownFileType = text.xcconfig; name = "Pods-190ChemLab.debug.xcconfig"; path = "Target Support Files/Pods-190ChemLab/Pods-190ChemLab.debug.xcconfig"; sourceTree = "<group>"; };
		8E2E108F5C80539B0A4EBF69 /* Pods-190ChemLab.release.xcconfig */ = {isa = PBXFileReference; includeInIndex = 1; lastKnownFileType = text.xcconfig; name = "Pods-190ChemLab.release.xcconfig"; path = "Target Support Files/Pods-190ChemLab/Pods-190ChemLab.release.xcconfig"; sourceTree = "<group>"; };
/* End PBXFileReference section */

/* Begin PBXFrameworksBuildPhase section */
		30C94D862FEE708A007129A4 /* Frameworks */ = {
			isa = PBXFrameworksBuildPhase;
			buildActionMask = 2147483647;
			files = (
			);
			runOnlyForDeploymentPostprocessing = 0;
		};
/* End PBXFrameworksBuildPhase section */

/* Begin PBXGroup section */
		2FE3390E82C9902C1774C7FA /* Pods */ = {
			isa = PBXGroup;
			children = (
				6C578118C6FD65AD58D4D03F /* Pods-190ChemLab.debug.xcconfig */,
				8E2E108F5C80539B0A4EBF69 /* Pods-190ChemLab.release.xcconfig */,
			);
			path = Pods;
			sourceTree = "<group>";
		};
		30A381942FFC468600F171B4 /* Components */ = {
			isa = PBXGroup;
			children = (
				30A381842FFC468600F171B4 /* AnimatedButton.swift */,
				30A381852FFC468600F171B4 /* BadgeView.swift */,
				30A381862FFC468600F171B4 /* BoundedFillImage.swift */,
				30A381872FFC468600F171B4 /* ElementOrbView.swift */,
				30A381882FFC468600F171B4 /* EmptyStateView.swift */,
				30A381892FFC468600F171B4 /* FilterChipView.swift */,
				30A3818A2FFC468600F171B4 /* GlassCard.swift */,
				30A3818B2FFC468600F171B4 /* GlowEffect.swift */,
				30A3818C2FFC468600F171B4 /* GradientBackground.swift */,
				30A3818D2FFC468600F171B4 /* MenuTileView.swift */,
				30A3818E2FFC468600F171B4 /* ProgressRingView.swift */,
				30A3818F2FFC468600F171B4 /* RecentExperimentRow.swift */,
				30A381902FFC468600F171B4 /* ScreenScrollContainer.swift */,
				30A381912FFC468600F171B4 /* SearchBarView.swift */,
				30A381922FFC468600F171B4 /* SectionHeaderView.swift */,
				30A381932FFC468600F171B4 /* StatTileView.swift */,
			);
			path = Components;
			sourceTree = "<group>";
		};
		30A381962FFC468600F171B4 /* Extensions */ = {
			isa = PBXGroup;
			children = (
				30A381952FFC468600F171B4 /* Color+Hex.swift */,
			);
			path = Extensions;
			sourceTree = "<group>";
		};
		30A381982FFC468600F171B4 /* Utilities */ = {
			isa = PBXGroup;
			children = (
				30A381972FFC468600F171B4 /* AppLinks.swift */,
			);
			path = Utilities;
			sourceTree = "<group>";
		};
		30A381992FFC468600F171B4 /* Common */ = {
			isa = PBXGroup;
			children = (
				30A381942FFC468600F171B4 /* Components */,
				30A381962FFC468600F171B4 /* Extensions */,
				30A381982FFC468600F171B4 /* Utilities */,
			);
			path = Common;
			sourceTree = "<group>";
		};
		30A3819B2FFC468600F171B4 /* Coordinators */ = {
			isa = PBXGroup;
			children = (
				30A3819A2FFC468600F171B4 /* AppCoordinator.swift */,
			);
			path = Coordinators;
			sourceTree = "<group>";
		};
		30A381A12FFC468600F171B4 /* Models */ = {
			isa = PBXGroup;
			children = (
				30A3819C2FFC468600F171B4 /* Element.swift */,
				30A3819D2FFC468600F171B4 /* Experiment.swift */,
				30A3819E2FFC468600F171B4 /* Inventory.swift */,
				30A3819F2FFC468600F171B4 /* OnboardingPage.swift */,
				30A381A02FFC468600F171B4 /* Reaction.swift */,
			);
			path = Models;
			sourceTree = "<group>";
		};
		30A381A62FFC468600F171B4 /* Services */ = {
			isa = PBXGroup;
			children = (
				30A381A22FFC468600F171B4 /* ElementService.swift */,
				30A381A32FFC468600F171B4 /* OnboardingService.swift */,
				30A381A42FFC468600F171B4 /* ReactionEngine.swift */,
				30A381A52FFC468600F171B4 /* StorageService.swift */,
			);
			path = Services;
			sourceTree = "<group>";
		};
		30A381AF2FFC468600F171B4 /* ViewModels */ = {
			isa = PBXGroup;
			children = (
				30A381A72FFC468600F171B4 /* ElementFormViewModel.swift */,
				30A381A82FFC468600F171B4 /* ElementListViewModel.swift */,
				30A381A92FFC468600F171B4 /* HomeViewModel.swift */,
				30A381AA2FFC468600F171B4 /* LabViewModel.swift */,
				30A381AB2FFC468600F171B4 /* OnboardingViewModel.swift */,
				30A381AC2FFC468600F171B4 /* ReactionBookViewModel.swift */,
				30A381AD2FFC468600F171B4 /* SettingsViewModel.swift */,
				30A381AE2FFC468600F171B4 /* StatisticsViewModel.swift */,
			);
			path = ViewModels;
			sourceTree = "<group>";
		};
		30A381B12FFC468600F171B4 /* ElementForm */ = {
			isa = PBXGroup;
			children = (
				30A381B02FFC468600F171B4 /* ElementFormView.swift */,
			);
			path = ElementForm;
			sourceTree = "<group>";
		};
		30A381B52FFC468600F171B4 /* ElementList */ = {
			isa = PBXGroup;
			children = (
				30A381B22FFC468600F171B4 /* ElementCardView.swift */,
				30A381B32FFC468600F171B4 /* ElementDetailSheet.swift */,
				30A381B42FFC468600F171B4 /* ElementListView.swift */,
			);
			path = ElementList;
			sourceTree = "<group>";
		};
		30A381B72FFC468600F171B4 /* Components */ = {
			isa = PBXGroup;
			children = (
				30A381B62FFC468600F171B4 /* HomeWidgets.swift */,
			);
			path = Components;
			sourceTree = "<group>";
		};
		30A381B92FFC468600F171B4 /* Home */ = {
			isa = PBXGroup;
			children = (
				30A381B72FFC468600F171B4 /* Components */,
				30A381B82FFC468600F171B4 /* HomeView.swift */,
			);
			path = Home;
			sourceTree = "<group>";
		};
		30A381BE2FFC468600F171B4 /* Lab */ = {
			isa = PBXGroup;
			children = (
				30A381BA2FFC468600F171B4 /* ElementSlotView.swift */,
				30A381BB2FFC468600F171B4 /* LabElementCell.swift */,
				30A381BC2FFC468600F171B4 /* LabView.swift */,
				30A381BD2FFC468600F171B4 /* ReactionAnimationView.swift */,
			);
			path = Lab;
			sourceTree = "<group>";
		};
		30A381C12FFC468600F171B4 /* Onboarding */ = {
			isa = PBXGroup;
			children = (
				30A381BF2FFC468600F171B4 /* OnboardingPageView.swift */,
				30A381C02FFC468600F171B4 /* OnboardingView.swift */,
			);
			path = Onboarding;
			sourceTree = "<group>";
		};
		30A381C42FFC468600F171B4 /* ReactionBook */ = {
			isa = PBXGroup;
			children = (
				30A381C22FFC468600F171B4 /* ReactionBookView.swift */,
				30A381C32FFC468600F171B4 /* ReactionCardView.swift */,
			);
			path = ReactionBook;
			sourceTree = "<group>";
		};
		30A381C72FFC468600F171B4 /* Settings */ = {
			isa = PBXGroup;
			children = (
				30A381C52FFC468600F171B4 /* SettingRowView.swift */,
				30A381C62FFC468600F171B4 /* SettingsView.swift */,
			);
			path = Settings;
			sourceTree = "<group>";
		};
		30A381C92FFC468600F171B4 /* Statistics */ = {
			isa = PBXGroup;
			children = (
				30A381C82FFC468600F171B4 /* StatisticsView.swift */,
			);
			path = Statistics;
			sourceTree = "<group>";
		};
		30A381CA2FFC468600F171B4 /* Views */ = {
			isa = PBXGroup;
			children = (
				30A381B12FFC468600F171B4 /* ElementForm */,
				30A381B52FFC468600F171B4 /* ElementList */,
				30A381B92FFC468600F171B4 /* Home */,
				30A381BE2FFC468600F171B4 /* Lab */,
				30A381C12FFC468600F171B4 /* Onboarding */,
				30A381C42FFC468600F171B4 /* ReactionBook */,
				30A381C72FFC468600F171B4 /* Settings */,
				30A381C92FFC468600F171B4 /* Statistics */,
			);
			path = Views;
			sourceTree = "<group>";
		};
		30A381D52FFC468600F171B4 /* 190ChemLab */ = {
			isa = PBXGroup;
			children = (
				30A381992FFC468600F171B4 /* Common */,
				30A3819B2FFC468600F171B4 /* Coordinators */,
				30A381A12FFC468600F171B4 /* Models */,
				30A381A62FFC468600F171B4 /* Services */,
				30A381AF2FFC468600F171B4 /* ViewModels */,
				30A381CA2FFC468600F171B4 /* Views */,
				30A381CB2FFC468600F171B4 /* AppDelegate.swift */,
				30A381CC2FFC468600F171B4 /* Assets.xcassets */,
				30A381CD2FFC468600F171B4 /* ContentView.swift */,
				30A381CE2FFC468600F171B4 /* Info.plist */,
				30A381D02FFC468600F171B4 /* LaunchScreen.storyboard */,
				30A381D22FFC468600F171B4 /* Main.storyboard */,
				30A381D32FFC468600F171B4 /* SceneDelegate.swift */,
				30A381D42FFC468600F171B4 /* ViewController.swift */,
			);
			path = 190ChemLab;
			sourceTree = "<group>";
		};
		30C94D802FEE708A007129A4 = {
			isa = PBXGroup;
			children = (
				30A381D52FFC468600F171B4 /* 190ChemLab */,
				30C94D8A2FEE708A007129A4 /* Products */,
				2FE3390E82C9902C1774C7FA /* Pods */,
				3C5EC263191C225C16F02AE7 /* Frameworks */,
			);
			sourceTree = "<group>";
		};
		30C94D8A2FEE708A007129A4 /* Products */ = {
			isa = PBXGroup;
			children = (
				30C94D892FEE708A007129A4 /* 190ChemLab.app */,
			);
			name = Products;
			sourceTree = "<group>";
		};
		3C5EC263191C225C16F02AE7 /* Frameworks */ = {
			isa = PBXGroup;
			children = (
				5D61F30244AD999841D1E4EC /* Pods_190ChemLab.framework */,
			);
			name = Frameworks;
			sourceTree = "<group>";
		};
/* End PBXGroup section */

/* Begin PBXNativeTarget section */
		30C94D882FEE708A007129A4 /* 190ChemLab */ = {
			isa = PBXNativeTarget;
			buildConfigurationList = 30C94D9C2FEE708C007129A4 /* Build configuration list for PBXNativeTarget "190ChemLab" */;
			buildPhases = (
				59E324DE09DD99AC4CE1183D /* [CP] Check Pods Manifest.lock */,
				30C94D852FEE708A007129A4 /* Sources */,
				30C94D862FEE708A007129A4 /* Frameworks */,
				30C94D872FEE708A007129A4 /* Resources */,
			);
			buildRules = (
			);
			dependencies = (
			);
			name = 190ChemLab;
			productName = 190ChemLab;
			productReference = 30C94D892FEE708A007129A4 /* 190ChemLab.app */;
			productType = "com.apple.product-type.application";
		};
/* End PBXNativeTarget section */

/* Begin PBXProject section */
		30C94D812FEE708A007129A4 /* Project object */ = {
			isa = PBXProject;
			attributes = {
				BuildIndependentTargetsInParallel = 1;
				LastSwiftUpdateCheck = 2650;
				LastUpgradeCheck = 2650;
				TargetAttributes = {
					30C94D882FEE708A007129A4 = {
						CreatedOnToolsVersion = 26.5;
					};
				};
			};
			buildConfigurationList = 30C94D842FEE708A007129A4 /* Build configuration list for PBXProject "190ChemLab" */;
			compatibilityVersion = "Xcode 15.0";
			developmentRegion = en;
			hasScannedForEncodings = 0;
			knownRegions = (
				en,
				Base,
			);
			mainGroup = 30C94D802FEE708A007129A4;
			productRefGroup = 30C94D8A2FEE708A007129A4 /* Products */;
			projectDirPath = "";
			projectRoot = "";
			targets = (
				30C94D882FEE708A007129A4 /* 190ChemLab */,
			);
		};
/* End PBXProject section */

/* Begin PBXResourcesBuildPhase section */
		30C94D872FEE708A007129A4 /* Resources */ = {
			isa = PBXResourcesBuildPhase;
			buildActionMask = 2147483647;
			files = (
				30A3820F2FFC468600F171B4 /* Assets.xcassets in Resources */,
				30A382112FFC468600F171B4 /* LaunchScreen.storyboard in Resources */,
				30A382122FFC468600F171B4 /* Main.storyboard in Resources */,
			);
			runOnlyForDeploymentPostprocessing = 0;
		};
/* End PBXResourcesBuildPhase section */

/* Begin PBXShellScriptBuildPhase section */
		59E324DE09DD99AC4CE1183D /* [CP] Check Pods Manifest.lock */ = {
			isa = PBXShellScriptBuildPhase;
			buildActionMask = 2147483647;
			files = (
			);
			inputFileListPaths = (
			);
			inputPaths = (
				"${PODS_PODFILE_DIR_PATH}/Podfile.lock",
				"${PODS_ROOT}/Manifest.lock",
			);
			name = "[CP] Check Pods Manifest.lock";
			outputFileListPaths = (
			);
			outputPaths = (
				"$(DERIVED_FILE_DIR)/Pods-190ChemLab-checkManifestLockResult.txt",
			);
			runOnlyForDeploymentPostprocessing = 0;
			shellPath = /bin/sh;
			shellScript = "diff \"${PODS_PODFILE_DIR_PATH}/Podfile.lock\" \"${PODS_ROOT}/Manifest.lock\" > /dev/null\nif [ $? != 0 ] ; then\n    # print error to STDERR\n    echo \"error: The sandbox is not in sync with the Podfile.lock. Run 'pod install' or update your CocoaPods installation.\" >&2\n    exit 1\nfi\n# This output is used by Xcode 'outputs' to avoid re-running this script phase.\necho \"SUCCESS\" > \"${SCRIPT_OUTPUT_FILE_0}\"\n";
			showEnvVarsInLog = 0;
		};
/* End PBXShellScriptBuildPhase section */

/* Begin PBXSourcesBuildPhase section */
		30C94D852FEE708A007129A4 /* Sources */ = {
			isa = PBXSourcesBuildPhase;
			buildActionMask = 2147483647;
			files = (
				30A381D62FFC468600F171B4 /* AnimatedButton.swift in Sources */,
				30A381D72FFC468600F171B4 /* BadgeView.swift in Sources */,
				30A381D82FFC468600F171B4 /* BoundedFillImage.swift in Sources */,
				30A381D92FFC468600F171B4 /* ElementOrbView.swift in Sources */,
				30A381DA2FFC468600F171B4 /* EmptyStateView.swift in Sources */,
				30A381DB2FFC468600F171B4 /* FilterChipView.swift in Sources */,
				30A381DC2FFC468600F171B4 /* GlassCard.swift in Sources */,
				30A381DD2FFC468600F171B4 /* GlowEffect.swift in Sources */,
				30A381DE2FFC468600F171B4 /* GradientBackground.swift in Sources */,
				30A381DF2FFC468600F171B4 /* MenuTileView.swift in Sources */,
				30A381E02FFC468600F171B4 /* ProgressRingView.swift in Sources */,
				30A381E12FFC468600F171B4 /* RecentExperimentRow.swift in Sources */,
				30A381E22FFC468600F171B4 /* ScreenScrollContainer.swift in Sources */,
				30A381E32FFC468600F171B4 /* SearchBarView.swift in Sources */,
				30A381E42FFC468600F171B4 /* SectionHeaderView.swift in Sources */,
				30A381E52FFC468600F171B4 /* StatTileView.swift in Sources */,
				30A381E62FFC468600F171B4 /* Color+Hex.swift in Sources */,
				30A381E72FFC468600F171B4 /* AppLinks.swift in Sources */,
				30A381E82FFC468600F171B4 /* AppCoordinator.swift in Sources */,
				30A381E92FFC468600F171B4 /* Element.swift in Sources */,
				30A381EA2FFC468600F171B4 /* Experiment.swift in Sources */,
				30A381EB2FFC468600F171B4 /* Inventory.swift in Sources */,
				30A381EC2FFC468600F171B4 /* OnboardingPage.swift in Sources */,
				30A381ED2FFC468600F171B4 /* Reaction.swift in Sources */,
				30A381EE2FFC468600F171B4 /* ElementService.swift in Sources */,
				30A381EF2FFC468600F171B4 /* OnboardingService.swift in Sources */,
				30A381F02FFC468600F171B4 /* ReactionEngine.swift in Sources */,
				30A381F12FFC468600F171B4 /* StorageService.swift in Sources */,
				30A381F22FFC468600F171B4 /* ElementFormViewModel.swift in Sources */,
				30A381F32FFC468600F171B4 /* ElementListViewModel.swift in Sources */,
				30A381F42FFC468600F171B4 /* HomeViewModel.swift in Sources */,
				30A381F52FFC468600F171B4 /* LabViewModel.swift in Sources */,
				30A381F62FFC468600F171B4 /* OnboardingViewModel.swift in Sources */,
				30A381F72FFC468600F171B4 /* ReactionBookViewModel.swift in Sources */,
				30A381F82FFC468600F171B4 /* SettingsViewModel.swift in Sources */,
				30A381F92FFC468600F171B4 /* StatisticsViewModel.swift in Sources */,
				30A381FA2FFC468600F171B4 /* ElementFormView.swift in Sources */,
				30A381FB2FFC468600F171B4 /* ElementCardView.swift in Sources */,
				30A381FC2FFC468600F171B4 /* ElementDetailSheet.swift in Sources */,
				30A381FD2FFC468600F171B4 /* ElementListView.swift in Sources */,
				30A381FE2FFC468600F171B4 /* HomeWidgets.swift in Sources */,
				30A381FF2FFC468600F171B4 /* HomeView.swift in Sources */,
				30A382002FFC468600F171B4 /* ElementSlotView.swift in Sources */,
				30A382012FFC468600F171B4 /* LabElementCell.swift in Sources */,
				30A382022FFC468600F171B4 /* LabView.swift in Sources */,
				30A382032FFC468600F171B4 /* ReactionAnimationView.swift in Sources */,
				30A382042FFC468600F171B4 /* OnboardingPageView.swift in Sources */,
				30A382052FFC468600F171B4 /* OnboardingView.swift in Sources */,
				30A382062FFC468600F171B4 /* ReactionBookView.swift in Sources */,
				30A382072FFC468600F171B4 /* ReactionCardView.swift in Sources */,
				30A382082FFC468600F171B4 /* SettingRowView.swift in Sources */,
				30A382092FFC468600F171B4 /* SettingsView.swift in Sources */,
				30A3820A2FFC468600F171B4 /* StatisticsView.swift in Sources */,
				30A3820B2FFC468600F171B4 /* AppDelegate.swift in Sources */,
				30A3820C2FFC468600F171B4 /* ContentView.swift in Sources */,
				30A3820D2FFC468600F171B4 /* SceneDelegate.swift in Sources */,
				30A3820E2FFC468600F171B4 /* ViewController.swift in Sources */,
			);
			runOnlyForDeploymentPostprocessing = 0;
		};
/* End PBXSourcesBuildPhase section */

/* Begin PBXVariantGroup section */
		30A381D02FFC468600F171B4 /* LaunchScreen.storyboard */ = {
			isa = PBXVariantGroup;
			children = (
				30A381CF2FFC468600F171B4 /* Base */,
			);
			name = LaunchScreen.storyboard;
			sourceTree = "<group>";
		};
		30A381D22FFC468600F171B4 /* Main.storyboard */ = {
			isa = PBXVariantGroup;
			children = (
				30A381D12FFC468600F171B4 /* Base */,
			);
			name = Main.storyboard;
			sourceTree = "<group>";
		};
/* End PBXVariantGroup section */

/* Begin XCBuildConfiguration section */
		30C94D9D2FEE708C007129A4 /* Debug */ = {
			isa = XCBuildConfiguration;
			baseConfigurationReference = 6C578118C6FD65AD58D4D03F /* Pods-190ChemLab.debug.xcconfig */;
			buildSettings = {
				ASSETCATALOG_COMPILER_APPICON_NAME = AppIcon;
				ASSETCATALOG_COMPILER_GLOBAL_ACCENT_COLOR_NAME = AccentColor;
				CODE_SIGN_STYLE = Automatic;
				CURRENT_PROJECT_VERSION = 2;
				GENERATE_INFOPLIST_FILE = YES;
				INFOPLIST_FILE = 190ChemLab/Info.plist;
				INFOPLIST_KEY_CFBundleDisplayName = "MixelCraft: Reaction Book";
				INFOPLIST_KEY_UIApplicationSupportsIndirectInputEvents = YES;
				INFOPLIST_KEY_UILaunchStoryboardName = LaunchScreen;
				INFOPLIST_KEY_UIMainStoryboardFile = Main;
				INFOPLIST_KEY_UISupportedInterfaceOrientations = UIInterfaceOrientationPortrait;
				INFOPLIST_KEY_UISupportedInterfaceOrientations_iPad = "UIInterfaceOrientationLandscapeLeft UIInterfaceOrientationLandscapeRight UIInterfaceOrientationPortrait UIInterfaceOrientationPortraitUpsideDown";
				IPHONEOS_DEPLOYMENT_TARGET = 17.0;
				LD_RUNPATH_SEARCH_PATHS = (
					"$(inherited)",
					"@executable_path/Frameworks",
				);
				MARKETING_VERSION = 1.0;
				PRODUCT_BUNDLE_IDENTIFIER = com.rad.m1x3lcr6ftr36ct10n;
				PRODUCT_NAME = "$(TARGET_NAME)";
				STRING_CATALOG_GENERATE_SYMBOLS = YES;
				SUPPORTED_PLATFORMS = "iphoneos iphonesimulator";
				SUPPORTS_MACCATALYST = NO;
				SUPPORTS_MAC_DESIGNED_FOR_IPHONE_IPAD = NO;
				SUPPORTS_XR_DESIGNED_FOR_IPHONE_IPAD = NO;
				SWIFT_APPROACHABLE_CONCURRENCY = YES;
				SWIFT_DEFAULT_ACTOR_ISOLATION = MainActor;
				SWIFT_EMIT_LOC_STRINGS = YES;
				SWIFT_UPCOMING_FEATURE_MEMBER_IMPORT_VISIBILITY = YES;
				SWIFT_VERSION = 5.0;
				TARGETED_DEVICE_FAMILY = 1;
			};
			name = Debug;
		};
		30C94D9E2FEE708C007129A4 /* Release */ = {
			isa = XCBuildConfiguration;
			baseConfigurationReference = 8E2E108F5C80539B0A4EBF69 /* Pods-190ChemLab.release.xcconfig */;
			buildSettings = {
				ASSETCATALOG_COMPILER_APPICON_NAME = AppIcon;
				ASSETCATALOG_COMPILER_GLOBAL_ACCENT_COLOR_NAME = AccentColor;
				CODE_SIGN_STYLE = Automatic;
				CURRENT_PROJECT_VERSION = 2;
				GENERATE_INFOPLIST_FILE = YES;
				INFOPLIST_FILE = 190ChemLab/Info.plist;
				INFOPLIST_KEY_CFBundleDisplayName = "MixelCraft: Reaction Book";
				INFOPLIST_KEY_UIApplicationSupportsIndirectInputEvents = YES;
				INFOPLIST_KEY_UILaunchStoryboardName = LaunchScreen;
				INFOPLIST_KEY_UIMainStoryboardFile = Main;
				INFOPLIST_KEY_UISupportedInterfaceOrientations = UIInterfaceOrientationPortrait;
				INFOPLIST_KEY_UISupportedInterfaceOrientations_iPad = "UIInterfaceOrientationLandscapeLeft UIInterfaceOrientationLandscapeRight UIInterfaceOrientationPortrait UIInterfaceOrientationPortraitUpsideDown";
				IPHONEOS_DEPLOYMENT_TARGET = 17.0;
				LD_RUNPATH_SEARCH_PATHS = (
					"$(inherited)",
					"@executable_path/Frameworks",
				);
				MARKETING_VERSION = 1.0;
				PRODUCT_BUNDLE_IDENTIFIER = com.rad.m1x3lcr6ftr36ct10n;
				PRODUCT_NAME = "$(TARGET_NAME)";
				STRING_CATALOG_GENERATE_SYMBOLS = YES;
				SUPPORTED_PLATFORMS = "iphoneos iphonesimulator";
				SUPPORTS_MACCATALYST = NO;
				SUPPORTS_MAC_DESIGNED_FOR_IPHONE_IPAD = NO;
				SUPPORTS_XR_DESIGNED_FOR_IPHONE_IPAD = NO;
				SWIFT_APPROACHABLE_CONCURRENCY = YES;
				SWIFT_DEFAULT_ACTOR_ISOLATION = MainActor;
				SWIFT_EMIT_LOC_STRINGS = YES;
				SWIFT_UPCOMING_FEATURE_MEMBER_IMPORT_VISIBILITY = YES;
				SWIFT_VERSION = 5.0;
				TARGETED_DEVICE_FAMILY = 1;
			};
			name = Release;
		};
		30C94D9F2FEE708C007129A4 /* Debug */ = {
			isa = XCBuildConfiguration;
			buildSettings = {
				ALWAYS_SEARCH_USER_PATHS = NO;
				ASSETCATALOG_COMPILER_GENERATE_SWIFT_ASSET_SYMBOL_EXTENSIONS = YES;
				CLANG_ANALYZER_NONNULL = YES;
				CLANG_ANALYZER_NUMBER_OBJECT_CONVERSION = YES_AGGRESSIVE;
				CLANG_CXX_LANGUAGE_STANDARD = "gnu++20";
				CLANG_ENABLE_MODULES = YES;
				CLANG_ENABLE_OBJC_ARC = YES;
				CLANG_ENABLE_OBJC_WEAK = YES;
				CLANG_WARN_BLOCK_CAPTURE_AUTORELEASING = YES;
				CLANG_WARN_BOOL_CONVERSION = YES;
				CLANG_WARN_COMMA = YES;
				CLANG_WARN_CONSTANT_CONVERSION = YES;
				CLANG_WARN_DEPRECATED_OBJC_IMPLEMENTATIONS = YES;
				CLANG_WARN_DIRECT_OBJC_ISA_USAGE = YES_ERROR;
				CLANG_WARN_DOCUMENTATION_COMMENTS = YES;
				CLANG_WARN_EMPTY_BODY = YES;
				CLANG_WARN_ENUM_CONVERSION = YES;
				CLANG_WARN_INFINITE_RECURSION = YES;
				CLANG_WARN_INT_CONVERSION = YES;
				CLANG_WARN_NON_LITERAL_NULL_CONVERSION = YES;
				CLANG_WARN_OBJC_IMPLICIT_RETAIN_SELF = YES;
				CLANG_WARN_OBJC_LITERAL_CONVERSION = YES;
				CLANG_WARN_OBJC_ROOT_CLASS = YES_ERROR;
				CLANG_WARN_QUOTED_INCLUDE_IN_FRAMEWORK_HEADER = YES;
				CLANG_WARN_RANGE_LOOP_ANALYSIS = YES;
				CLANG_WARN_STRICT_PROTOTYPES = YES;
				CLANG_WARN_SUSPICIOUS_MOVE = YES;
				CLANG_WARN_UNGUARDED_AVAILABILITY = YES_AGGRESSIVE;
				CLANG_WARN_UNREACHABLE_CODE = YES;
				CLANG_WARN__DUPLICATE_METHOD_MATCH = YES;
				COPY_PHASE_STRIP = NO;
				DEBUG_INFORMATION_FORMAT = dwarf;
				ENABLE_STRICT_OBJC_MSGSEND = YES;
				ENABLE_TESTABILITY = YES;
				ENABLE_USER_SCRIPT_SANDBOXING = YES;
				GCC_C_LANGUAGE_STANDARD = gnu17;
				GCC_DYNAMIC_NO_PIC = NO;
				GCC_NO_COMMON_BLOCKS = YES;
				GCC_OPTIMIZATION_LEVEL = 0;
				GCC_PREPROCESSOR_DEFINITIONS = (
					"DEBUG=1",
					"$(inherited)",
				);
				GCC_WARN_64_TO_32_BIT_CONVERSION = YES;
				GCC_WARN_ABOUT_RETURN_TYPE = YES_ERROR;
				GCC_WARN_UNDECLARED_SELECTOR = YES;
				GCC_WARN_UNINITIALIZED_AUTOS = YES_AGGRESSIVE;
				GCC_WARN_UNUSED_FUNCTION = YES;
				GCC_WARN_UNUSED_VARIABLE = YES;
				IPHONEOS_DEPLOYMENT_TARGET = 26.5;
				LOCALIZATION_PREFERS_STRING_CATALOGS = YES;
				MTL_ENABLE_DEBUG_INFO = INCLUDE_SOURCE;
				MTL_FAST_MATH = YES;
				ONLY_ACTIVE_ARCH = YES;
				SDKROOT = iphoneos;
				SWIFT_ACTIVE_COMPILATION_CONDITIONS = "DEBUG $(inherited)";
				SWIFT_OPTIMIZATION_LEVEL = "-Onone";
			};
			name = Debug;
		};
		30C94DA02FEE708C007129A4 /* Release */ = {
			isa = XCBuildConfiguration;
			buildSettings = {
				ALWAYS_SEARCH_USER_PATHS = NO;
				ASSETCATALOG_COMPILER_GENERATE_SWIFT_ASSET_SYMBOL_EXTENSIONS = YES;
				CLANG_ANALYZER_NONNULL = YES;
				CLANG_ANALYZER_NUMBER_OBJECT_CONVERSION = YES_AGGRESSIVE;
				CLANG_CXX_LANGUAGE_STANDARD = "gnu++20";
				CLANG_ENABLE_MODULES = YES;
				CLANG_ENABLE_OBJC_ARC = YES;
				CLANG_ENABLE_OBJC_WEAK = YES;
				CLANG_WARN_BLOCK_CAPTURE_AUTORELEASING = YES;
				CLANG_WARN_BOOL_CONVERSION = YES;
				CLANG_WARN_COMMA = YES;
				CLANG_WARN_CONSTANT_CONVERSION = YES;
				CLANG_WARN_DEPRECATED_OBJC_IMPLEMENTATIONS = YES;
				CLANG_WARN_DIRECT_OBJC_ISA_USAGE = YES_ERROR;
				CLANG_WARN_DOCUMENTATION_COMMENTS = YES;
				CLANG_WARN_EMPTY_BODY = YES;
				CLANG_WARN_ENUM_CONVERSION = YES;
				CLANG_WARN_INFINITE_RECURSION = YES;
				CLANG_WARN_INT_CONVERSION = YES;
				CLANG_WARN_NON_LITERAL_NULL_CONVERSION = YES;
				CLANG_WARN_OBJC_IMPLICIT_RETAIN_SELF = YES;
				CLANG_WARN_OBJC_LITERAL_CONVERSION = YES;
				CLANG_WARN_OBJC_ROOT_CLASS = YES_ERROR;
				CLANG_WARN_QUOTED_INCLUDE_IN_FRAMEWORK_HEADER = YES;
				CLANG_WARN_RANGE_LOOP_ANALYSIS = YES;
				CLANG_WARN_STRICT_PROTOTYPES = YES;
				CLANG_WARN_SUSPICIOUS_MOVE = YES;
				CLANG_WARN_UNGUARDED_AVAILABILITY = YES_AGGRESSIVE;
				CLANG_WARN_UNREACHABLE_CODE = YES;
				CLANG_WARN__DUPLICATE_METHOD_MATCH = YES;
				COPY_PHASE_STRIP = NO;
				DEBUG_INFORMATION_FORMAT = "dwarf-with-dsym";
				ENABLE_NS_ASSERTIONS = NO;
				ENABLE_STRICT_OBJC_MSGSEND = YES;
				ENABLE_USER_SCRIPT_SANDBOXING = YES;
				GCC_C_LANGUAGE_STANDARD = gnu17;
				GCC_NO_COMMON_BLOCKS = YES;
				GCC_WARN_64_TO_32_BIT_CONVERSION = YES;
				GCC_WARN_ABOUT_RETURN_TYPE = YES_ERROR;
				GCC_WARN_UNDECLARED_SELECTOR = YES;
				GCC_WARN_UNINITIALIZED_AUTOS = YES_AGGRESSIVE;
				GCC_WARN_UNUSED_FUNCTION = YES;
				GCC_WARN_UNUSED_VARIABLE = YES;
				IPHONEOS_DEPLOYMENT_TARGET = 26.5;
				LOCALIZATION_PREFERS_STRING_CATALOGS = YES;
				MTL_ENABLE_DEBUG_INFO = NO;
				MTL_FAST_MATH = YES;
				SDKROOT = iphoneos;
				SWIFT_COMPILATION_MODE = wholemodule;
				VALIDATE_PRODUCT = YES;
			};
			name = Release;
		};
/* End XCBuildConfiguration section */

/* Begin XCConfigurationList section */
		30C94D842FEE708A007129A4 /* Build configuration list for PBXProject "190ChemLab" */ = {
			isa = XCConfigurationList;
			buildConfigurations = (
				30C94D9F2FEE708C007129A4 /* Debug */,
				30C94DA02FEE708C007129A4 /* Release */,
			);
			defaultConfigurationIsVisible = 0;
			defaultConfigurationName = Release;
		};
		30C94D9C2FEE708C007129A4 /* Build configuration list for PBXNativeTarget "190ChemLab" */ = {
			isa = XCConfigurationList;
			buildConfigurations = (
				30C94D9D2FEE708C007129A4 /* Debug */,
				30C94D9E2FEE708C007129A4 /* Release */,
			);
			defaultConfigurationIsVisible = 0;
			defaultConfigurationName = Release;
		};
/* End XCConfigurationList section */
	};
	rootObject = 30C94D812FEE708A007129A4 /* Project object */;
}
